
Microsoft Visual Studio Solution File, Format Version 12.00
# Visual Studio 15
VisualStudioVersion = 15.0.28307.779
MinimumVisualStudioVersion = 10.0.40219.1
Project("{FAE04EC0-301F-11D3-BF4B-00C04F79EFBC}") = "TransferNumberToWords", "TransferNumberToWords\TransferNumberToWords.csproj", "{5F0960DF-5081-40CA-BDB6-79BCE29A4CEC}"
EndProject
Global
	GlobalSection(SolutionConfigurationPlatforms) = preSolution
		Debug|Any CPU = Debug|Any CPU
		Release|Any CPU = Release|Any CPU
	EndGlobalSection
	GlobalSection(ProjectConfigurationPlatforms) = postSolution
		{5F0960DF-5081-40CA-BDB6-79BCE29A4CEC}.Debug|Any CPU.ActiveCfg = Debug|Any CPU
		{5F0960DF-5081-40CA-BDB6-79BCE29A4CEC}.Debug|Any CPU.Build.0 = Debug|Any CPU
		{5F0960DF-5081-40CA-BDB6-79BCE29A4CEC}.Release|Any CPU.ActiveCfg = Release|Any CPU
		{5F0960DF-5081-40CA-BDB6-79BCE29A4CEC}.Release|Any CPU.Build.0 = Release|Any CPU
	EndGlobalSection
	GlobalSection(SolutionProperties) = preSolution
		HideSolutionNode = FALSE
	EndGlobalSection
	GlobalSection(ExtensibilityGlobals) = postSolution
		SolutionGuid = {A5508346-A9BE-4D0A-94C1-F53DF52575FB}
	EndGlobalSection
EndGlobal
